// !$*UTF8*$!
{
	archiveVersion = 1;
	classes = {
	};
	objectVersion = 77;
	objects = {

/* Begin PBXBuildFile section */
		24E100012F9E10000000000E /* PennyWiseWidget.appex in Embed Foundation Extensions */ = {isa = PBXBuildFile; fileRef = 24E100012F9E100000000001 /* PennyWiseWidget.appex */; settings = {ATTRIBUTES = (RemoveHeadersOnCopy, ); }; };
		37808B252F2C9A11009276A9 /* GoogleService-Info.plist in Resources */ = {isa = PBXBuildFile; fileRef = 37808B242F2C9A11009276A9 /* GoogleService-Info.plist */; };
		AD8696C4FD4DE82D1472282C /* Pods_PennyWise.framework in Frameworks */ = {isa = PBXBuildFile; fileRef = AFB95C3B201ABA18D2280B19 /* Pods_PennyWise.framework */; };
/* End PBXBuildFile section */

/* Begin PBXContainerItemProxy section */
		24E100012F9E10000000000B /* PBXContainerItemProxy */ = {
			isa = PBXContainerItemProxy;
			containerPortal = 37DD37CE2F1DE6C000CF272E /* Project object */;
			proxyType = 1;
			remoteGlobalIDString = 24E100012F9E100000000004;
			remoteInfo = PennyWiseWidget;
		};
/* End PBXContainerItemProxy section */

/* Begin PBXCopyFilesBuildPhase section */
		24E100012F9E10000000000D /* Embed Foundation Extensions */ = {
			isa = PBXCopyFilesBuildPhase;
			buildActionMask = 2147483647;
			dstPath = "";
			dstSubfolderSpec = 13;
			files = (
				24E100012F9E10000000000E /* PennyWiseWidget.appex in Embed Foundation Extensions */,
			);
			name = "Embed Foundation Extensions";
			runOnlyForDeploymentPostprocessing = 0;
		};
/* End PBXCopyFilesBuildPhase section */

/* Begin PBXFileReference section */
		24E100012F9E100000000001 /* PennyWiseWidget.appex */ = {isa = PBXFileReference; explicitFileType = "wrapper.app-extension"; includeInIndex = 0; path = PennyWiseWidget.appex; sourceTree = BUILT_PRODUCTS_DIR; };
		37808B242F2C9A11009276A9 /* GoogleService-Info.plist */ = {isa = PBXFileReference; lastKnownFileType = text.plist.xml; path = "GoogleService-Info.plist"; sourceTree = "<group>"; };
		37DD37D62F1DE6C000CF272E /* PennyWise.app */ = {isa = PBXFileReference; explicitFileType = wrapper.application; includeInIndex = 0; path = PennyWise.app; sourceTree = BUILT_PRODUCTS_DIR; };
		46CA84C2DA8D40EBF57C75E2 /* Pods-PennyWise.debug.xcconfig */ = {isa = PBXFileReference; includeInIndex = 1; lastKnownFileType = text.xcconfig; name = "Pods-PennyWise.debug.xcconfig"; path = "Target Support Files/Pods-PennyWise/Pods-PennyWise.debug.xcconfig"; sourceTree = "<group>"; };
		AFB95C3B201ABA18D2280B19 /* Pods_PennyWise.framework */ = {isa = PBXFileReference; explicitFileType = wrapper.framework; includeInIndex = 0; path = Pods_PennyWise.framework; sourceTree = BUILT_PRODUCTS_DIR; };
		C7B86F01397039CA9C64638F /* Pods-PennyWise.release.xcconfig */ = {isa = PBXFileReference; includeInIndex = 1; lastKnownFileType = text.xcconfig; name = "Pods-PennyWise.release.xcconfig"; path = "Target Support Files/Pods-PennyWise/Pods-PennyWise.release.xcconfig"; sourceTree = "<group>"; };
/* End PBXFileReference section */

/* Begin PBXFileSystemSynchronizedBuildFileExceptionSet section */
		24E100012F9E100000000003 /* Exceptions for "PennyWiseWidget" folder in "PennyWiseWidget" target */ = {
			isa = PBXFileSystemSynchronizedBuildFileExceptionSet;
			membershipExceptions = (
				Info.plist,
			);
			target = 24E100012F9E100000000004 /* PennyWiseWidget */;
		};
		37DD37E82F1DE6C400CF272E /* Exceptions for "PennyWise" folder in "PennyWise" target */ = {
			isa = PBXFileSystemSynchronizedBuildFileExceptionSet;
			membershipExceptions = (
				Info.plist,
			);
			target = 37DD37D52F1DE6C000CF272E /* PennyWise */;
		};
/* End PBXFileSystemSynchronizedBuildFileExceptionSet section */

/* Begin PBXFileSystemSynchronizedRootGroup section */
		24E100012F9E100000000002 /* PennyWiseWidget */ = {
			isa = PBXFileSystemSynchronizedRootGroup;
			exceptions = (
				24E100012F9E100000000003 /* Exceptions for "PennyWiseWidget" folder in "PennyWiseWidget" target */,
			);
			path = PennyWiseWidget;
			sourceTree = "<group>";
		};
		37DD37D82F1DE6C000CF272E /* PennyWise */ = {
			isa = PBXFileSystemSynchronizedRootGroup;
			exceptions = (
				37DD37E82F1DE6C400CF272E /* Exceptions for "PennyWise" folder in "PennyWise" target */,
			);
			path = PennyWise;
			sourceTree = "<group>";
		};
/* End PBXFileSystemSynchronizedRootGroup section */

/* Begin PBXFrameworksBuildPhase section */
		24E100012F9E100000000006 /* Frameworks */ = {
			isa = PBXFrameworksBuildPhase;
			buildActionMask = 2147483647;
			files = (
			);
			runOnlyForDeploymentPostprocessing = 0;
		};
		37DD37D32F1DE6C000CF272E /* Frameworks */ = {
			isa = PBXFrameworksBuildPhase;
			buildActionMask = 2147483647;
			files = (
				AD8696C4FD4DE82D1472282C /* Pods_PennyWise.framework in Frameworks */,
			);
			runOnlyForDeploymentPostprocessing = 0;
		};
/* End PBXFrameworksBuildPhase section */

/* Begin PBXGroup section */
		37DD37CD2F1DE6C000CF272E = {
			isa = PBXGroup;
			children = (
				37DD37D82F1DE6C000CF272E /* PennyWise */,
				24E100012F9E100000000002 /* PennyWiseWidget */,
				37DD37D72F1DE6C000CF272E /* Products */,
				F010FB2031B594F45F2D7E01 /* Pods */,
				D618F9C266CCA8E84534C937 /* Frameworks */,
				37808B242F2C9A11009276A9 /* GoogleService-Info.plist */,
			);
			sourceTree = "<group>";
		};
		37DD37D72F1DE6C000CF272E /* Products */ = {
			isa = PBXGroup;
			children = (
				37DD37D62F1DE6C000CF272E /* PennyWise.app */,
				24E100012F9E100000000001 /* PennyWiseWidget.appex */,
			);
			name = Products;
			sourceTree = "<group>";
		};
		D618F9C266CCA8E84534C937 /* Frameworks */ = {
			isa = PBXGroup;
			children = (
				AFB95C3B201ABA18D2280B19 /* Pods_PennyWise.framework */,
			);
			name = Frameworks;
			sourceTree = "<group>";
		};
		F010FB2031B594F45F2D7E01 /* Pods */ = {
			isa = PBXGroup;
			children = (
				46CA84C2DA8D40EBF57C75E2 /* Pods-PennyWise.debug.xcconfig */,
				C7B86F01397039CA9C64638F /* Pods-PennyWise.release.xcconfig */,
			);
			path = Pods;
			sourceTree = "<group>";
		};
/* End PBXGroup section */

/* Begin PBXNativeTarget section */
		24E100012F9E100000000004 /* PennyWiseWidget */ = {
			isa = PBXNativeTarget;
			buildConfigurationList = 24E100012F9E10000000000A /* Build configuration list for PBXNativeTarget "PennyWiseWidget" */;
			buildPhases = (
				24E100012F9E100000000005 /* Sources */,
				24E100012F9E100000000006 /* Frameworks */,
				24E100012F9E100000000007 /* Resources */,
			);
			buildRules = (
			);
			dependencies = (
			);
			fileSystemSynchronizedGroups = (
				24E100012F9E100000000002 /* PennyWiseWidget */,
			);
			name = PennyWiseWidget;
			productName = PennyWiseWidget;
			productReference = 24E100012F9E100000000001 /* PennyWiseWidget.appex */;
			productType = "com.apple.product-type.app-extension";
		};
		37DD37D52F1DE6C000CF272E /* PennyWise */ = {
			isa = PBXNativeTarget;
			buildConfigurationList = 37DD37E92F1DE6C400CF272E /* Build configuration list for PBXNativeTarget "PennyWise" */;
			buildPhases = (
				CA91483FD219954F1F48AF34 /* [CP] Check Pods Manifest.lock */,
				37DD37D22F1DE6C000CF272E /* Sources */,
				37DD37D32F1DE6C000CF272E /* Frameworks */,
				37DD37D42F1DE6C000CF272E /* Resources */,
				494297F7185BB4DFE0D26AC7 /* [CP] Embed Pods Frameworks */,
				24E100012F9E10000000000D /* Embed Foundation Extensions */,
			);
			buildRules = (
			);
			dependencies = (
				24E100012F9E10000000000C /* PBXTargetDependency */,
			);
			fileSystemSynchronizedGroups = (
				37DD37D82F1DE6C000CF272E /* PennyWise */,
			);
			name = PennyWise;
			productName = PennyWise;
			productReference = 37DD37D62F1DE6C000CF272E /* PennyWise.app */;
			productType = "com.apple.product-type.application";
		};
/* End PBXNativeTarget section */

/* Begin PBXProject section */
		37DD37CE2F1DE6C000CF272E /* Project object */ = {
			isa = PBXProject;
			attributes = {
				BuildIndependentTargetsInParallel = 1;
				LastSwiftUpdateCheck = 1610;
				LastUpgradeCheck = 1610;
				TargetAttributes = {
					24E100012F9E100000000004 = {
						CreatedOnToolsVersion = 16.1;
					};
					37DD37D52F1DE6C000CF272E = {
						CreatedOnToolsVersion = 16.1;
					};
				};
			};
			buildConfigurationList = 37DD37D12F1DE6C000CF272E /* Build configuration list for PBXProject "PennyWise" */;
			developmentRegion = en;
			hasScannedForEncodings = 0;
			knownRegions = (
				en,
				Base,
			);
			mainGroup = 37DD37CD2F1DE6C000CF272E;
			minimizedProjectReferenceProxies = 1;
			preferredProjectObjectVersion = 77;
			productRefGroup = 37DD37D72F1DE6C000CF272E /* Products */;
			projectDirPath = "";
			projectRoot = "";
			targets = (
				37DD37D52F1DE6C000CF272E /* PennyWise */,
				24E100012F9E100000000004 /* PennyWiseWidget */,
			);
		};
/* End PBXProject section */

/* Begin PBXResourcesBuildPhase section */
		24E100012F9E100000000007 /* Resources */ = {
			isa = PBXResourcesBuildPhase;
			buildActionMask = 2147483647;
			files = (
			);
			runOnlyForDeploymentPostprocessing = 0;
		};
		37DD37D42F1DE6C000CF272E /* Resources */ = {
			isa = PBXResourcesBuildPhase;
			buildActionMask = 2147483647;
			files = (
				37808B252F2C9A11009276A9 /* GoogleService-Info.plist in Resources */,
			);
			runOnlyForDeploymentPostprocessing = 0;
		};
/* End PBXResourcesBuildPhase section */

/* Begin PBXShellScriptBuildPhase section */
		494297F7185BB4DFE0D26AC7 /* [CP] Embed Pods Frameworks */ = {
			isa = PBXShellScriptBuildPhase;
			buildActionMask = 2147483647;
			files = (
			);
			inputFileListPaths = (
				"${PODS_ROOT}/Target Support Files/Pods-PennyWise/Pods-PennyWise-frameworks-${CONFIGURATION}-input-files.xcfilelist",
			);
			inputPaths = (
			);
			name = "[CP] Embed Pods Frameworks";
			outputFileListPaths = (
				"${PODS_ROOT}/Target Support Files/Pods-PennyWise/Pods-PennyWise-frameworks-${CONFIGURATION}-output-files.xcfilelist",
			);
			outputPaths = (
			);
			runOnlyForDeploymentPostprocessing = 0;
			shellPath = /bin/sh;
			shellScript = "\"${PODS_ROOT}/Target Support Files/Pods-PennyWise/Pods-PennyWise-frameworks.sh\"\n";
			showEnvVarsInLog = 0;
		};
		CA91483FD219954F1F48AF34 /* [CP] Check Pods Manifest.lock */ = {
			isa = PBXShellScriptBuildPhase;
			buildActionMask = 2147483647;
			files = (
			);
			inputFileListPaths = (
			);
			inputPaths = (
				"${PODS_PODFILE_DIR_PATH}/Podfile.lock",
				"${PODS_ROOT}/Manifest.lock",
			);
			name = "[CP] Check Pods Manifest.lock";
			outputFileListPaths = (
			);
			outputPaths = (
				"$(DERIVED_FILE_DIR)/Pods-PennyWise-checkManifestLockResult.txt",
			);
			runOnlyForDeploymentPostprocessing = 0;
			shellPath = /bin/sh;
			shellScript = "diff \"${PODS_PODFILE_DIR_PATH}/Podfile.lock\" \"${PODS_ROOT}/Manifest.lock\" > /dev/null\nif [ $? != 0 ] ; then\n    # print error to STDERR\n    echo \"error: The sandbox is not in sync with the Podfile.lock. Run 'pod install' or update your CocoaPods installation.\" >&2\n    exit 1\nfi\n# This output is used by Xcode 'outputs' to avoid re-running this script phase.\necho \"SUCCESS\" > \"${SCRIPT_OUTPUT_FILE_0}\"\n";
			showEnvVarsInLog = 0;
		};
/* End PBXShellScriptBuildPhase section */

/* Begin PBXSourcesBuildPhase section */
		24E100012F9E100000000005 /* Sources */ = {
			isa = PBXSourcesBuildPhase;
			buildActionMask = 2147483647;
			files = (
			);
			runOnlyForDeploymentPostprocessing = 0;
		};
		37DD37D22F1DE6C000CF272E /* Sources */ = {
			isa = PBXSourcesBuildPhase;
			buildActionMask = 2147483647;
			files = (
			);
			runOnlyForDeploymentPostprocessing = 0;
		};
/* End PBXSourcesBuildPhase section */

/* Begin PBXTargetDependency section */
		24E100012F9E10000000000C /* PBXTargetDependency */ = {
			isa = PBXTargetDependency;
			target = 24E100012F9E100000000004 /* PennyWiseWidget */;
			targetProxy = 24E100012F9E10000000000B /* PBXContainerItemProxy */;
		};
/* End PBXTargetDependency section */

/* Begin XCBuildConfiguration section */
		24E100012F9E100000000008 /* Debug */ = {
			isa = XCBuildConfiguration;
			buildSettings = {
				APPLICATION_EXTENSION_API_ONLY = YES;
				CODE_SIGN_ENTITLEMENTS = PennyWiseWidget/PennyWiseWidget.entitlements;
				CODE_SIGN_STYLE = Automatic;
				CURRENT_PROJECT_VERSION = 1;
				DEVELOPMENT_TEAM = A353S377CB;
				GENERATE_INFOPLIST_FILE = YES;
				INFOPLIST_FILE = PennyWiseWidget/Info.plist;
				INFOPLIST_KEY_CFBundleDisplayName = PennyWise;
				INFOPLIST_KEY_NSHumanReadableCopyright = "";
				IPHONEOS_DEPLOYMENT_TARGET = 15.0;
				LD_RUNPATH_SEARCH_PATHS = (
					"$(inherited)",
					"@executable_path/Frameworks",
					"@executable_path/../../Frameworks",
				);
				MARKETING_VERSION = 1.0;
				PRODUCT_BUNDLE_IDENTIFIER = com.custom.PennyWise.Widget;
				PRODUCT_NAME = "$(TARGET_NAME)";
				SKIP_INSTALL = YES;
				SWIFT_EMIT_LOC_STRINGS = YES;
				SWIFT_VERSION = 5.0;
				TARGETED_DEVICE_FAMILY = "1,2";
			};
			name = Debug;
		};
		24E100012F9E100000000009 /* Release */ = {
			isa = XCBuildConfiguration;
			buildSettings = {
				APPLICATION_EXTENSION_API_ONLY = YES;
				CODE_SIGN_ENTITLEMENTS = PennyWiseWidget/PennyWiseWidget.entitlements;
				CODE_SIGN_STYLE = Automatic;
				CURRENT_PROJECT_VERSION = 1;
				DEVELOPMENT_TEAM = A353S377CB;
				GENERATE_INFOPLIST_FILE = YES;
				INFOPLIST_FILE = PennyWiseWidget/Info.plist;
				INFOPLIST_KEY_CFBundleDisplayName = PennyWise;
				INFOPLIST_KEY_NSHumanReadableCopyright = "";
				IPHONEOS_DEPLOYMENT_TARGET = 15.0;
				LD_RUNPATH_SEARCH_PATHS = (
					"$(inherited)",
					"@executable_path/Frameworks",
					"@executable_path/../../Frameworks",
				);
				MARKETING_VERSION = 1.0;
				PRODUCT_BUNDLE_IDENTIFIER = com.custom.PennyWise.Widget;
				PRODUCT_NAME = "$(TARGET_NAME)";
				SKIP_INSTALL = YES;
				SWIFT_EMIT_LOC_STRINGS = YES;
				SWIFT_VERSION = 5.0;
				TARGETED_DEVICE_FAMILY = "1,2";
			};
			name = Release;
		};
		37DD37EA2F1DE6C400CF272E /* Debug */ = {
			isa = XCBuildConfiguration;
			baseConfigurationReference = 46CA84C2DA8D40EBF57C75E2 /* Pods-PennyWise.debug.xcconfig */;
			buildSettings = {
				ASSETCATALOG_COMPILER_APPICON_NAME = AppIcon;
				ASSETCATALOG_COMPILER_GLOBAL_ACCENT_COLOR_NAME = AccentColor;
				CODE_SIGN_ENTITLEMENTS = PennyWise/PennyWise.entitlements;
				CODE_SIGN_STYLE = Automatic;
				CURRENT_PROJECT_VERSION = 1;
				DEVELOPMENT_TEAM = A353S377CB;
				GENERATE_INFOPLIST_FILE = YES;
				INFOPLIST_FILE = PennyWise/Info.plist;
				INFOPLIST_KEY_NSFaceIDUsageDescription = "PennyWise uses Face ID to keep your transactions private.";
				INFOPLIST_KEY_UIApplicationSupportsIndirectInputEvents = YES;
				INFOPLIST_KEY_UILaunchStoryboardName = LaunchScreen;
				INFOPLIST_KEY_UIMainStoryboardFile = Main;
				INFOPLIST_KEY_UISupportedInterfaceOrientations_iPad = "UIInterfaceOrientationPortrait UIInterfaceOrientationPortraitUpsideDown UIInterfaceOrientationLandscapeLeft UIInterfaceOrientationLandscapeRight";
				INFOPLIST_KEY_UISupportedInterfaceOrientations_iPhone = "UIInterfaceOrientationPortrait UIInterfaceOrientationLandscapeLeft UIInterfaceOrientationLandscapeRight";
				IPHONEOS_DEPLOYMENT_TARGET = 15.0;
				LD_RUNPATH_SEARCH_PATHS = (
					"$(inherited)",
					"@executable_path/Frameworks",
				);
				MARKETING_VERSION = 1.0;
				PRODUCT_BUNDLE_IDENTIFIER = com.custom.PennyWise;
				PRODUCT_NAME = "$(TARGET_NAME)";
				SWIFT_EMIT_LOC_STRINGS = YES;
				SWIFT_VERSION = 5.0;
				TARGETED_DEVICE_FAMILY = "1,2";
			};
			name = Debug;
		};
		37DD37EB2F1DE6C400CF272E /* Release */ = {
			isa = XCBuildConfiguration;
			baseConfigurationReference = C7B86F01397039CA9C64638F /* Pods-PennyWise.release.xcconfig */;
			buildSettings = {
				ASSETCATALOG_COMPILER_APPICON_NAME = AppIcon;
				ASSETCATALOG_COMPILER_GLOBAL_ACCENT_COLOR_NAME = AccentColor;
				CODE_SIGN_ENTITLEMENTS = PennyWise/PennyWise.entitlements;
				CODE_SIGN_STYLE = Automatic;
				CURRENT_PROJECT_VERSION = 1;
				DEVELOPMENT_TEAM = A353S377CB;
				GENERATE_INFOPLIST_FILE = YES;
				INFOPLIST_FILE = PennyWise/Info.plist;
				INFOPLIST_KEY_NSFaceIDUsageDescription = "PennyWise uses Face ID to keep your transactions private.";
				INFOPLIST_KEY_UIApplicationSupportsIndirectInputEvents = YES;
				INFOPLIST_KEY_UILaunchStoryboardName = LaunchScreen;
				INFOPLIST_KEY_UIMainStoryboardFile = Main;
				INFOPLIST_KEY_UISupportedInterfaceOrientations_iPad = "UIInterfaceOrientationPortrait UIInterfaceOrientationPortraitUpsideDown UIInterfaceOrientationLandscapeLeft UIInterfaceOrientationLandscapeRight";
				INFOPLIST_KEY_UISupportedInterfaceOrientations_iPhone = "UIInterfaceOrientationPortrait UIInterfaceOrientationLandscapeLeft UIInterfaceOrientationLandscapeRight";
				IPHONEOS_DEPLOYMENT_TARGET = 15.0;
				LD_RUNPATH_SEARCH_PATHS = (
					"$(inherited)",
					"@executable_path/Frameworks",
				);
				MARKETING_VERSION = 1.0;
				PRODUCT_BUNDLE_IDENTIFIER = com.custom.PennyWise;
				PRODUCT_NAME = "$(TARGET_NAME)";
				SWIFT_EMIT_LOC_STRINGS = YES;
				SWIFT_VERSION = 5.0;
				TARGETED_DEVICE_FAMILY = "1,2";
			};
			name = Release;
		};
		37DD37EC2F1DE6C400CF272E /* Debug */ = {
			isa = XCBuildConfiguration;
			buildSettings = {
				ALWAYS_SEARCH_USER_PATHS = NO;
				ASSETCATALOG_COMPILER_GENERATE_SWIFT_ASSET_SYMBOL_EXTENSIONS = YES;
				CLANG_ANALYZER_NONNULL = YES;
				CLANG_ANALYZER_NUMBER_OBJECT_CONVERSION = YES_AGGRESSIVE;
				CLANG_CXX_LANGUAGE_STANDARD = "gnu++20";
				CLANG_ENABLE_MODULES = YES;
				CLANG_ENABLE_OBJC_ARC = YES;
				CLANG_ENABLE_OBJC_WEAK = YES;
				CLANG_WARN_BLOCK_CAPTURE_AUTORELEASING = YES;
				CLANG_WARN_BOOL_CONVERSION = YES;
				CLANG_WARN_COMMA = YES;
				CLANG_WARN_CONSTANT_CONVERSION = YES;
				CLANG_WARN_DEPRECATED_OBJC_IMPLEMENTATIONS = YES;
				CLANG_WARN_DIRECT_OBJC_ISA_USAGE = YES_ERROR;
				CLANG_WARN_DOCUMENTATION_COMMENTS = YES;
				CLANG_WARN_EMPTY_BODY = YES;
				CLANG_WARN_ENUM_CONVERSION = YES;
				CLANG_WARN_INFINITE_RECURSION = YES;
				CLANG_WARN_INT_CONVERSION = YES;
				CLANG_WARN_NON_LITERAL_NULL_CONVERSION = YES;
				CLANG_WARN_OBJC_IMPLICIT_RETAIN_SELF = YES;
				CLANG_WARN_OBJC_LITERAL_CONVERSION = YES;
				CLANG_WARN_OBJC_ROOT_CLASS = YES_ERROR;
				CLANG_WARN_QUOTED_INCLUDE_IN_FRAMEWORK_HEADER = YES;
				CLANG_WARN_RANGE_LOOP_ANALYSIS = YES;
				CLANG_WARN_STRICT_PROTOTYPES = YES;
				CLANG_WARN_SUSPICIOUS_MOVE = YES;
				CLANG_WARN_UNGUARDED_AVAILABILITY = YES_AGGRESSIVE;
				CLANG_WARN_UNREACHABLE_CODE = YES;
				CLANG_WARN__DUPLICATE_METHOD_MATCH = YES;
				COPY_PHASE_STRIP = NO;
				DEBUG_INFORMATION_FORMAT = dwarf;
				ENABLE_STRICT_OBJC_MSGSEND = YES;
				ENABLE_TESTABILITY = YES;
				ENABLE_USER_SCRIPT_SANDBOXING = NO;
				GCC_C_LANGUAGE_STANDARD = gnu17;
				GCC_DYNAMIC_NO_PIC = NO;
				GCC_NO_COMMON_BLOCKS = YES;
				GCC_OPTIMIZATION_LEVEL = 0;
				GCC_PREPROCESSOR_DEFINITIONS = (
					"DEBUG=1",
					"$(inherited)",
				);
				GCC_WARN_64_TO_32_BIT_CONVERSION = YES;
				GCC_WARN_ABOUT_RETURN_TYPE = YES_ERROR;
				GCC_WARN_UNDECLARED_SELECTOR = YES;
				GCC_WARN_UNINITIALIZED_AUTOS = YES_AGGRESSIVE;
				GCC_WARN_UNUSED_FUNCTION = YES;
				GCC_WARN_UNUSED_VARIABLE = YES;
				IPHONEOS_DEPLOYMENT_TARGET = 15.0;
				LOCALIZATION_PREFERS_STRING_CATALOGS = YES;
				MTL_ENABLE_DEBUG_INFO = INCLUDE_SOURCE;
				MTL_FAST_MATH = YES;
				ONLY_ACTIVE_ARCH = YES;
				SDKROOT = iphoneos;
				SWIFT_ACTIVE_COMPILATION_CONDITIONS = "DEBUG $(inherited)";
				SWIFT_OPTIMIZATION_LEVEL = "-Onone";
			};
			name = Debug;
		};
		37DD37ED2F1DE6C400CF272E /* Release */ = {
			isa = XCBuildConfiguration;
			buildSettings = {
				ALWAYS_SEARCH_USER_PATHS = NO;
				ASSETCATALOG_COMPILER_GENERATE_SWIFT_ASSET_SYMBOL_EXTENSIONS = YES;
				CLANG_ANALYZER_NONNULL = YES;
				CLANG_ANALYZER_NUMBER_OBJECT_CONVERSION = YES_AGGRESSIVE;
				CLANG_CXX_LANGUAGE_STANDARD = "gnu++20";
				CLANG_ENABLE_MODULES = YES;
				CLANG_ENABLE_OBJC_ARC = YES;
				CLANG_ENABLE_OBJC_WEAK = YES;
				CLANG_WARN_BLOCK_CAPTURE_AUTORELEASING = YES;
				CLANG_WARN_BOOL_CONVERSION = YES;
				CLANG_WARN_COMMA = YES;
				CLANG_WARN_CONSTANT_CONVERSION = YES;
				CLANG_WARN_DEPRECATED_OBJC_IMPLEMENTATIONS = YES;
				CLANG_WARN_DIRECT_OBJC_ISA_USAGE = YES_ERROR;
				CLANG_WARN_DOCUMENTATION_COMMENTS = YES;
				CLANG_WARN_EMPTY_BODY = YES;
				CLANG_WARN_ENUM_CONVERSION = YES;
				CLANG_WARN_INFINITE_RECURSION = YES;
				CLANG_WARN_INT_CONVERSION = YES;
				CLANG_WARN_NON_LITERAL_NULL_CONVERSION = YES;
				CLANG_WARN_OBJC_IMPLICIT_RETAIN_SELF = YES;
				CLANG_WARN_OBJC_LITERAL_CONVERSION = YES;
				CLANG_WARN_OBJC_ROOT_CLASS = YES_ERROR;
				CLANG_WARN_QUOTED_INCLUDE_IN_FRAMEWORK_HEADER = YES;
				CLANG_WARN_RANGE_LOOP_ANALYSIS = YES;
				CLANG_WARN_STRICT_PROTOTYPES = YES;
				CLANG_WARN_SUSPICIOUS_MOVE = YES;
				CLANG_WARN_UNGUARDED_AVAILABILITY = YES_AGGRESSIVE;
				CLANG_WARN_UNREACHABLE_CODE = YES;
				CLANG_WARN__DUPLICATE_METHOD_MATCH = YES;
				COPY_PHASE_STRIP = NO;
				DEBUG_INFORMATION_FORMAT = "dwarf-with-dsym";
				ENABLE_NS_ASSERTIONS = NO;
				ENABLE_STRICT_OBJC_MSGSEND = YES;
				ENABLE_USER_SCRIPT_SANDBOXING = NO;
				GCC_C_LANGUAGE_STANDARD = gnu17;
				GCC_NO_COMMON_BLOCKS = YES;
				GCC_WARN_64_TO_32_BIT_CONVERSION = YES;
				GCC_WARN_ABOUT_RETURN_TYPE = YES_ERROR;
				GCC_WARN_UNDECLARED_SELECTOR = YES;
				GCC_WARN_UNINITIALIZED_AUTOS = YES_AGGRESSIVE;
				GCC_WARN_UNUSED_FUNCTION = YES;
				GCC_WARN_UNUSED_VARIABLE = YES;
				IPHONEOS_DEPLOYMENT_TARGET = 15.0;
				LOCALIZATION_PREFERS_STRING_CATALOGS = YES;
				MTL_ENABLE_DEBUG_INFO = NO;
				MTL_FAST_MATH = YES;
				SDKROOT = iphoneos;
				SWIFT_COMPILATION_MODE = wholemodule;
				VALIDATE_PRODUCT = YES;
			};
			name = Release;
		};
/* End XCBuildConfiguration section */

/* Begin XCConfigurationList section */
		24E100012F9E10000000000A /* Build configuration list for PBXNativeTarget "PennyWiseWidget" */ = {
			isa = XCConfigurationList;
			buildConfigurations = (
				24E100012F9E100000000008 /* Debug */,
				24E100012F9E100000000009 /* Release */,
			);
			defaultConfigurationIsVisible = 0;
			defaultConfigurationName = Release;
		};
		37DD37D12F1DE6C000CF272E /* Build configuration list for PBXProject "PennyWise" */ = {
			isa = XCConfigurationList;
			buildConfigurations = (
				37DD37EC2F1DE6C400CF272E /* Debug */,
				37DD37ED2F1DE6C400CF272E /* Release */,
			);
			defaultConfigurationIsVisible = 0;
			defaultConfigurationName = Release;
		};
		37DD37E92F1DE6C400CF272E /* Build configuration list for PBXNativeTarget "PennyWise" */ = {
			isa = XCConfigurationList;
			buildConfigurations = (
				37DD37EA2F1DE6C400CF272E /* Debug */,
				37DD37EB2F1DE6C400CF272E /* Release */,
			);
			defaultConfigurationIsVisible = 0;
			defaultConfigurationName = Release;
		};
/* End XCConfigurationList section */
	};
	rootObject = 37DD37CE2F1DE6C000CF272E /* Project object */;
}
